
Microsoft Visual Studio Solution File, Format Version 12.00
# Visual Studio 15
VisualStudioVersion = 15.0.28010.2046
MinimumVisualStudioVersion = 10.0.40219.1
Project("{9A19103F-16F7-4668-BE54-9A1E7A4F7556}") = "CleanArchitecture.WebApi", "CleanArchitecture.WebApi\CleanArchitecture.WebApi.csproj", "{1A2C6A99-C7F7-42DE-A3FC-BA00F8FA7901}"
EndProject
Project("{2150E333-8FDC-42A3-9474-1A3956D46DE8}") = "Src", "Src", "{B940640E-02A8-4188-B683-B94BD1A745EE}"
EndProject
Project("{2150E333-8FDC-42A3-9474-1A3956D46DE8}") = "Presentation", "Presentation", "{C5E46C83-86E4-42A8-A5B6-72C81FD87E8A}"
EndProject
Project("{2150E333-8FDC-42A3-9474-1A3956D46DE8}") = "Docs", "Docs", "{A4290248-1297-49C8-AAD9-E18B9F0061C2}"
EndProject
Project("{2150E333-8FDC-42A3-9474-1A3956D46DE8}") = "Core", "Core", "{37B544D6-CB23-4807-8DEA-3D29DE0FEBE5}"
EndProject
Project("{2150E333-8FDC-42A3-9474-1A3956D46DE8}") = "Infrastructure", "Infrastructure", "{A366A8C6-C7F9-4BEF-ADA7-0D3DE4788954}"
EndProject
Project("{2150E333-8FDC-42A3-9474-1A3956D46DE8}") = "Common", "Common", "{15879591-5805-4888-8ED8-7942DF2C75F8}"
EndProject
Project("{9A19103F-16F7-4668-BE54-9A1E7A4F7556}") = "CleanArchitecture.Application", "CleanArchitecture.Application\CleanArchitecture.Application.csproj", "{3BAF02DA-855F-457A-B342-2142BC775176}"
EndProject
Project("{9A19103F-16F7-4668-BE54-9A1E7A4F7556}") = "CleanArchitecture.Domain", "CleanArchitecture.Domain\CleanArchitecture.Domain.csproj", "{037CE30E-784E-4824-A782-D325336CBE26}"
EndProject
Project("{2150E333-8FDC-42A3-9474-1A3956D46DE8}") = "Persistance", "Persistance", "{8A544F11-5121-4F8F-933B-200C32A64650}"
EndProject
Project("{9A19103F-16F7-4668-BE54-9A1E7A4F7556}") = "CleanArchitecture.MongoDb", "CleanArchitecture.MongoDb\CleanArchitecture.MongoDb.csproj", "{09D5B112-C7F7-4E6A-8347-4E90EBA4EC05}"
EndProject
Project("{9A19103F-16F7-4668-BE54-9A1E7A4F7556}") = "CleanArchitecture.AkkaNET", "CleanArchitecture.AkkaNET\CleanArchitecture.AkkaNET.csproj", "{3EFE537E-D2DC-4E41-999E-F58F27206492}"
EndProject
Project("{9A19103F-16F7-4668-BE54-9A1E7A4F7556}") = "CleanArchitecture.RedisDb", "CleanArchitecture.RedisDb\CleanArchitecture.RedisDb.csproj", "{240BB471-51F1-48E2-8F81-F84CF90E43FB}"
EndProject
Project("{9A19103F-16F7-4668-BE54-9A1E7A4F7556}") = "CleanArchitecture.Application.Tests", "CleanArchitecture.Application.Tests\CleanArchitecture.Application.Tests.csproj", "{481681E0-03AC-4BEC-95B5-BA39D864F4B8}"
EndProject
Project("{9A19103F-16F7-4668-BE54-9A1E7A4F7556}") = "CleanArchitecture.RedisDb.Tests", "CleanArchitecture.RedisDb.Tests\CleanArchitecture.RedisDb.Tests.csproj", "{5BC1AA03-E173-48A3-A83D-EB7EACFBBE34}"
EndProject
Project("{FAE04EC0-301F-11D3-BF4B-00C04F79EFBC}") = "CleanArchitecture.MongoDb.Tests", "CleanArchitecture.MongoDb.Tests\CleanArchitecture.MongoDb.Tests.csproj", "{4B99A69E-308A-4251-89F9-D71C6C223223}"
EndProject
Global
	GlobalSection(SolutionConfigurationPlatforms) = preSolution
		Debug|Any CPU = Debug|Any CPU
		Release|Any CPU = Release|Any CPU
	EndGlobalSection
	GlobalSection(ProjectConfigurationPlatforms) = postSolution
		{1A2C6A99-C7F7-42DE-A3FC-BA00F8FA7901}.Debug|Any CPU.ActiveCfg = Debug|Any CPU
		{1A2C6A99-C7F7-42DE-A3FC-BA00F8FA7901}.Debug|Any CPU.Build.0 = Debug|Any CPU
		{1A2C6A99-C7F7-42DE-A3FC-BA00F8FA7901}.Release|Any CPU.ActiveCfg = Release|Any CPU
		{1A2C6A99-C7F7-42DE-A3FC-BA00F8FA7901}.Release|Any CPU.Build.0 = Release|Any CPU
		{3BAF02DA-855F-457A-B342-2142BC775176}.Debug|Any CPU.ActiveCfg = Debug|Any CPU
		{3BAF02DA-855F-457A-B342-2142BC775176}.Debug|Any CPU.Build.0 = Debug|Any CPU
		{3BAF02DA-855F-457A-B342-2142BC775176}.Release|Any CPU.ActiveCfg = Release|Any CPU
		{3BAF02DA-855F-457A-B342-2142BC775176}.Release|Any CPU.Build.0 = Release|Any CPU
		{037CE30E-784E-4824-A782-D325336CBE26}.Debug|Any CPU.ActiveCfg = Debug|Any CPU
		{037CE30E-784E-4824-A782-D325336CBE26}.Debug|Any CPU.Build.0 = Debug|Any CPU
		{037CE30E-784E-4824-A782-D325336CBE26}.Release|Any CPU.ActiveCfg = Release|Any CPU
		{037CE30E-784E-4824-A782-D325336CBE26}.Release|Any CPU.Build.0 = Release|Any CPU
		{09D5B112-C7F7-4E6A-8347-4E90EBA4EC05}.Debug|Any CPU.ActiveCfg = Debug|Any CPU
		{09D5B112-C7F7-4E6A-8347-4E90EBA4EC05}.Debug|Any CPU.Build.0 = Debug|Any CPU
		{09D5B112-C7F7-4E6A-8347-4E90EBA4EC05}.Release|Any CPU.ActiveCfg = Release|Any CPU
		{09D5B112-C7F7-4E6A-8347-4E90EBA4EC05}.Release|Any CPU.Build.0 = Release|Any CPU
		{3EFE537E-D2DC-4E41-999E-F58F27206492}.Debug|Any CPU.ActiveCfg = Debug|Any CPU
		{3EFE537E-D2DC-4E41-999E-F58F27206492}.Debug|Any CPU.Build.0 = Debug|Any CPU
		{3EFE537E-D2DC-4E41-999E-F58F27206492}.Release|Any CPU.ActiveCfg = Release|Any CPU
		{3EFE537E-D2DC-4E41-999E-F58F27206492}.Release|Any CPU.Build.0 = Release|Any CPU
		{240BB471-51F1-48E2-8F81-F84CF90E43FB}.Debug|Any CPU.ActiveCfg = Debug|Any CPU
		{240BB471-51F1-48E2-8F81-F84CF90E43FB}.Debug|Any CPU.Build.0 = Debug|Any CPU
		{240BB471-51F1-48E2-8F81-F84CF90E43FB}.Release|Any CPU.ActiveCfg = Release|Any CPU
		{240BB471-51F1-48E2-8F81-F84CF90E43FB}.Release|Any CPU.Build.0 = Release|Any CPU
		{481681E0-03AC-4BEC-95B5-BA39D864F4B8}.Debug|Any CPU.ActiveCfg = Debug|Any CPU
		{481681E0-03AC-4BEC-95B5-BA39D864F4B8}.Debug|Any CPU.Build.0 = Debug|Any CPU
		{481681E0-03AC-4BEC-95B5-BA39D864F4B8}.Release|Any CPU.ActiveCfg = Release|Any CPU
		{481681E0-03AC-4BEC-95B5-BA39D864F4B8}.Release|Any CPU.Build.0 = Release|Any CPU
		{5BC1AA03-E173-48A3-A83D-EB7EACFBBE34}.Debug|Any CPU.ActiveCfg = Debug|Any CPU
		{5BC1AA03-E173-48A3-A83D-EB7EACFBBE34}.Debug|Any CPU.Build.0 = Debug|Any CPU
		{5BC1AA03-E173-48A3-A83D-EB7EACFBBE34}.Release|Any CPU.ActiveCfg = Release|Any CPU
		{5BC1AA03-E173-48A3-A83D-EB7EACFBBE34}.Release|Any CPU.Build.0 = Release|Any CPU
		{4B99A69E-308A-4251-89F9-D71C6C223223}.Debug|Any CPU.ActiveCfg = Debug|Any CPU
		{4B99A69E-308A-4251-89F9-D71C6C223223}.Debug|Any CPU.Build.0 = Debug|Any CPU
		{4B99A69E-308A-4251-89F9-D71C6C223223}.Release|Any CPU.ActiveCfg = Release|Any CPU
		{4B99A69E-308A-4251-89F9-D71C6C223223}.Release|Any CPU.Build.0 = Release|Any CPU
	EndGlobalSection
	GlobalSection(SolutionProperties) = preSolution
		HideSolutionNode = FALSE
	EndGlobalSection
	GlobalSection(NestedProjects) = preSolution
		{1A2C6A99-C7F7-42DE-A3FC-BA00F8FA7901} = {C5E46C83-86E4-42A8-A5B6-72C81FD87E8A}
		{C5E46C83-86E4-42A8-A5B6-72C81FD87E8A} = {B940640E-02A8-4188-B683-B94BD1A745EE}
		{37B544D6-CB23-4807-8DEA-3D29DE0FEBE5} = {B940640E-02A8-4188-B683-B94BD1A745EE}
		{A366A8C6-C7F9-4BEF-ADA7-0D3DE4788954} = {B940640E-02A8-4188-B683-B94BD1A745EE}
		{15879591-5805-4888-8ED8-7942DF2C75F8} = {B940640E-02A8-4188-B683-B94BD1A745EE}
		{3BAF02DA-855F-457A-B342-2142BC775176} = {37B544D6-CB23-4807-8DEA-3D29DE0FEBE5}
		{037CE30E-784E-4824-A782-D325336CBE26} = {37B544D6-CB23-4807-8DEA-3D29DE0FEBE5}
		{8A544F11-5121-4F8F-933B-200C32A64650} = {B940640E-02A8-4188-B683-B94BD1A745EE}
		{09D5B112-C7F7-4E6A-8347-4E90EBA4EC05} = {8A544F11-5121-4F8F-933B-200C32A64650}
		{3EFE537E-D2DC-4E41-999E-F58F27206492} = {8A544F11-5121-4F8F-933B-200C32A64650}
		{240BB471-51F1-48E2-8F81-F84CF90E43FB} = {8A544F11-5121-4F8F-933B-200C32A64650}
		{481681E0-03AC-4BEC-95B5-BA39D864F4B8} = {37B544D6-CB23-4807-8DEA-3D29DE0FEBE5}
		{5BC1AA03-E173-48A3-A83D-EB7EACFBBE34} = {8A544F11-5121-4F8F-933B-200C32A64650}
		{4B99A69E-308A-4251-89F9-D71C6C223223} = {8A544F11-5121-4F8F-933B-200C32A64650}
	EndGlobalSection
	GlobalSection(ExtensibilityGlobals) = postSolution
		SolutionGuid = {CEF2F01D-7CA6-41F5-8D58-AC811A1B3F63}
	EndGlobalSection
EndGlobal
